
Microsoft Visual Studio Solution File, Format Version 12.00
# Visual Studio Version 16
VisualStudioVersion = 16.0.30114.105
MinimumVisualStudioVersion = 10.0.40219.1
Project("{FAE04EC0-301F-11D3-BF4B-00C04F79EFBC}") = "tsb.portal.backend", "tsb.portal.backend\tsb.portal.backend.csproj", "{5270AB53-31F9-4FCE-B543-0E4676E483F4}"
EndProject
Project("{FAE04EC0-301F-11D3-BF4B-00C04F79EFBC}") = "tsb.portal.backend.test", "tsb.portal.backend.test\tsb.portal.backend.test.csproj", "{9F7C3EA3-E801-4B26-9444-84E5EC933099}"
EndProject
Global
	GlobalSection(SolutionConfigurationPlatforms) = preSolution
		Debug|Any CPU = Debug|Any CPU
		Release|Any CPU = Release|Any CPU
	EndGlobalSection
	GlobalSection(SolutionProperties) = preSolution
		HideSolutionNode = FALSE
	EndGlobalSection
	GlobalSection(ProjectConfigurationPlatforms) = postSolution
		{5270AB53-31F9-4FCE-B543-0E4676E483F4}.Debug|Any CPU.ActiveCfg = Debug|Any CPU
		{5270AB53-31F9-4FCE-B543-0E4676E483F4}.Debug|Any CPU.Build.0 = Debug|Any CPU
		{5270AB53-31F9-4FCE-B543-0E4676E483F4}.Release|Any CPU.ActiveCfg = Release|Any CPU
		{5270AB53-31F9-4FCE-B543-0E4676E483F4}.Release|Any CPU.Build.0 = Release|Any CPU
		{9F7C3EA3-E801-4B26-9444-84E5EC933099}.Debug|Any CPU.ActiveCfg = Debug|Any CPU
		{9F7C3EA3-E801-4B26-9444-84E5EC933099}.Debug|Any CPU.Build.0 = Debug|Any CPU
		{9F7C3EA3-E801-4B26-9444-84E5EC933099}.Release|Any CPU.ActiveCfg = Release|Any CPU
		{9F7C3EA3-E801-4B26-9444-84E5EC933099}.Release|Any CPU.Build.0 = Release|Any CPU
	EndGlobalSection
EndGlobal
